// !$*UTF8*$!
{
	archiveVersion = 1;
	classes = {
	};
	objectVersion = 50;
	objects = {

/* Begin PBXBuildFile section */
		89E4300424724356006CE21E /* AppDelegate.swift in Sources */ = {isa = PBXBuildFile; fileRef = 89E4300324724356006CE21E /* AppDelegate.swift */; };
		89E4300624724356006CE21E /* SceneDelegate.swift in Sources */ = {isa = PBXBuildFile; fileRef = 89E4300524724356006CE21E /* SceneDelegate.swift */; };
		89E4300824724356006CE21E /* ViewController.swift in Sources */ = {isa = PBXBuildFile; fileRef = 89E4300724724356006CE21E /* ViewController.swift */; };
		89E4300B24724356006CE21E /* Main.storyboard in Resources */ = {isa = PBXBuildFile; fileRef = 89E4300924724356006CE21E /* Main.storyboard */; };
		89E4300E24724356006CE21E /* project_letterboxes.xcdatamodeld in Sources */ = {isa = PBXBuildFile; fileRef = 89E4300C24724356006CE21E /* project_letterboxes.xcdatamodeld */; };
		89E4301024724357006CE21E /* Assets.xcassets in Resources */ = {isa = PBXBuildFile; fileRef = 89E4300F24724357006CE21E /* Assets.xcassets */; };
		89E4301324724357006CE21E /* LaunchScreen.storyboard in Resources */ = {isa = PBXBuildFile; fileRef = 89E4301124724357006CE21E /* LaunchScreen.storyboard */; };
		89E4301B247243F4006CE21E /* OnboardingViewController.swift in Sources */ = {isa = PBXBuildFile; fileRef = 89E4301A247243F4006CE21E /* OnboardingViewController.swift */; };
		89E4301D24724449006CE21E /* Onboarding.storyboard in Resources */ = {isa = PBXBuildFile; fileRef = 89E4301C24724449006CE21E /* Onboarding.storyboard */; };
/* End PBXBuildFile section */

/* Begin PBXFileReference section */
		89E4300024724356006CE21E /* Bingo.app */ = {isa = PBXFileReference; explicitFileType = wrapper.application; includeInIndex = 0; path = Bingo.app; sourceTree = BUILT_PRODUCTS_DIR; };
		89E4300324724356006CE21E /* AppDelegate.swift */ = {isa = PBXFileReference; lastKnownFileType = sourcecode.swift; path = AppDelegate.swift; sourceTree = "<group>"; };
		89E4300524724356006CE21E /* SceneDelegate.swift */ = {isa = PBXFileReference; lastKnownFileType = sourcecode.swift; path = SceneDelegate.swift; sourceTree = "<group>"; };
		89E4300724724356006CE21E /* ViewController.swift */ = {isa = PBXFileReference; lastKnownFileType = sourcecode.swift; path = ViewController.swift; sourceTree = "<group>"; };
		89E4300A24724356006CE21E /* Base */ = {isa = PBXFileReference; lastKnownFileType = file.storyboard; name = Base; path = Base.lproj/Main.storyboard; sourceTree = "<group>"; };
		89E4300D24724356006CE21E /* project_letterboxes.xcdatamodel */ = {isa = PBXFileReference; lastKnownFileType = wrapper.xcdatamodel; path = project_letterboxes.xcdatamodel; sourceTree = "<group>"; };
		89E4300F24724357006CE21E /* Assets.xcassets */ = {isa = PBXFileReference; lastKnownFileType = folder.assetcatalog; path = Assets.xcassets; sourceTree = "<group>"; };
		89E4301224724357006CE21E /* Base */ = {isa = PBXFileReference; lastKnownFileType = file.storyboard; name = Base; path = Base.lproj/LaunchScreen.storyboard; sourceTree = "<group>"; };
		89E4301424724357006CE21E /* Info.plist */ = {isa = PBXFileReference; lastKnownFileType = text.plist.xml; path = Info.plist; sourceTree = "<group>"; };
		89E4301A247243F4006CE21E /* OnboardingViewController.swift */ = {isa = PBXFileReference; lastKnownFileType = sourcecode.swift; path = OnboardingViewController.swift; sourceTree = "<group>"; };
		89E4301C24724449006CE21E /* Onboarding.storyboard */ = {isa = PBXFileReference; lastKnownFileType = file.storyboard; path = Onboarding.storyboard; sourceTree = "<group>"; };
/* End PBXFileReference section */

/* Begin PBXFrameworksBuildPhase section */
		89E42FFD24724356006CE21E /* Frameworks */ = {
			isa = PBXFrameworksBuildPhase;
			buildActionMask = 2147483647;
			files = (
			);
			runOnlyForDeploymentPostprocessing = 0;
		};
/* End PBXFrameworksBuildPhase section */

/* Begin PBXGroup section */
		89E42FF724724356006CE21E = {
			isa = PBXGroup;
			children = (
				89E4300224724356006CE21E /* project-letterboxes */,
				89E4300124724356006CE21E /* Products */,
			);
			sourceTree = "<group>";
		};
		89E4300124724356006CE21E /* Products */ = {
			isa = PBXGroup;
			children = (
				89E4300024724356006CE21E /* Bingo.app */,
			);
			name = Products;
			sourceTree = "<group>";
		};
		89E4300224724356006CE21E /* project-letterboxes */ = {
			isa = PBXGroup;
			children = (
				89E4300324724356006CE21E /* AppDelegate.swift */,
				89E4300524724356006CE21E /* SceneDelegate.swift */,
				89E4300724724356006CE21E /* ViewController.swift */,
				89E4301A247243F4006CE21E /* OnboardingViewController.swift */,
				89E4300924724356006CE21E /* Main.storyboard */,
				89E4301C24724449006CE21E /* Onboarding.storyboard */,
				89E4300F24724357006CE21E /* Assets.xcassets */,
				89E4301124724357006CE21E /* LaunchScreen.storyboard */,
				89E4301424724357006CE21E /* Info.plist */,
				89E4300C24724356006CE21E /* project_letterboxes.xcdatamodeld */,
			);
			path = "project-letterboxes";
			sourceTree = "<group>";
		};
/* End PBXGroup section */

/* Begin PBXNativeTarget section */
		89E42FFF24724356006CE21E /* project-letterboxes */ = {
			isa = PBXNativeTarget;
			buildConfigurationList = 89E4301724724357006CE21E /* Build configuration list for PBXNativeTarget "project-letterboxes" */;
			buildPhases = (
				89E42FFC24724356006CE21E /* Sources */,
				89E42FFD24724356006CE21E /* Frameworks */,
				89E42FFE24724356006CE21E /* Resources */,
			);
			buildRules = (
			);
			dependencies = (
			);
			name = "project-letterboxes";
			productName = "project-letterboxes";
			productReference = 89E4300024724356006CE21E /* Bingo.app */;
			productType = "com.apple.product-type.application";
		};
/* End PBXNativeTarget section */

/* Begin PBXProject section */
		89E42FF824724356006CE21E /* Project object */ = {
			isa = PBXProject;
			attributes = {
				LastSwiftUpdateCheck = 1140;
				LastUpgradeCheck = 1140;
				ORGANIZATIONNAME = "Andimas Bagaswara";
				TargetAttributes = {
					89E42FFF24724356006CE21E = {
						CreatedOnToolsVersion = 11.4.1;
					};
				};
			};
			buildConfigurationList = 89E42FFB24724356006CE21E /* Build configuration list for PBXProject "project-letterboxes" */;
			compatibilityVersion = "Xcode 9.3";
			developmentRegion = en;
			hasScannedForEncodings = 0;
			knownRegions = (
				en,
				Base,
			);
			mainGroup = 89E42FF724724356006CE21E;
			productRefGroup = 89E4300124724356006CE21E /* Products */;
			projectDirPath = "";
			projectRoot = "";
			targets = (
				89E42FFF24724356006CE21E /* project-letterboxes */,
			);
		};
/* End PBXProject section */

/* Begin PBXResourcesBuildPhase section */
		89E42FFE24724356006CE21E /* Resources */ = {
			isa = PBXResourcesBuildPhase;
			buildActionMask = 2147483647;
			files = (
				89E4301324724357006CE21E /* LaunchScreen.storyboard in Resources */,
				89E4301024724357006CE21E /* Assets.xcassets in Resources */,
				89E4300B24724356006CE21E /* Main.storyboard in Resources */,
				89E4301D24724449006CE21E /* Onboarding.storyboard in Resources */,
			);
			runOnlyForDeploymentPostprocessing = 0;
		};
/* End PBXResourcesBuildPhase section */

/* Begin PBXSourcesBuildPhase section */
		89E42FFC24724356006CE21E /* Sources */ = {
			isa = PBXSourcesBuildPhase;
			buildActionMask = 2147483647;
			files = (
				89E4300824724356006CE21E /* ViewController.swift in Sources */,
				89E4300424724356006CE21E /* AppDelegate.swift in Sources */,
				89E4301B247243F4006CE21E /* OnboardingViewController.swift in Sources */,
				89E4300E24724356006CE21E /* project_letterboxes.xcdatamodeld in Sources */,
				89E4300624724356006CE21E /* SceneDelegate.swift in Sources */,
			);
			runOnlyForDeploymentPostprocessing = 0;
		};
/* End PBXSourcesBuildPhase section */

/* Begin PBXVariantGroup section */
		89E4300924724356006CE21E /* Main.storyboard */ = {
			isa = PBXVariantGroup;
			children = (
				89E4300A24724356006CE21E /* Base */,
			);
			name = Main.storyboard;
			sourceTree = "<group>";
		};
		89E4301124724357006CE21E /* LaunchScreen.storyboard */ = {
			isa = PBXVariantGroup;
			children = (
				89E4301224724357006CE21E /* Base */,
			);
			name = LaunchScreen.storyboard;
			sourceTree = "<group>";
		};
/* End PBXVariantGroup section */

/* Begin XCBuildConfiguration section */
		89E4301524724357006CE21E /* Debug */ = {
			isa = XCBuildConfiguration;
			buildSettings = {
				ALWAYS_SEARCH_USER_PATHS = NO;
				CLANG_ANALYZER_NONNULL = YES;
				CLANG_ANALYZER_NUMBER_OBJECT_CONVERSION = YES_AGGRESSIVE;
				CLANG_CXX_LANGUAGE_STANDARD = "gnu++14";
				CLANG_CXX_LIBRARY = "libc++";
				CLANG_ENABLE_MODULES = YES;
				CLANG_ENABLE_OBJC_ARC = YES;
				CLANG_ENABLE_OBJC_WEAK = YES;
				CLANG_WARN_BLOCK_CAPTURE_AUTORELEASING = YES;
				CLANG_WARN_BOOL_CONVERSION = YES;
				CLANG_WARN_COMMA = YES;
				CLANG_WARN_CONSTANT_CONVERSION = YES;
				CLANG_WARN_DEPRECATED_OBJC_IMPLEMENTATIONS = YES;
				CLANG_WARN_DIRECT_OBJC_ISA_USAGE = YES_ERROR;
				CLANG_WARN_DOCUMENTATION_COMMENTS = YES;
				CLANG_WARN_EMPTY_BODY = YES;
				CLANG_WARN_ENUM_CONVERSION = YES;
				CLANG_WARN_INFINITE_RECURSION = YES;
				CLANG_WARN_INT_CONVERSION = YES;
				CLANG_WARN_NON_LITERAL_NULL_CONVERSION = YES;
				CLANG_WARN_OBJC_IMPLICIT_RETAIN_SELF = YES;
				CLANG_WARN_OBJC_LITERAL_CONVERSION = YES;
				CLANG_WARN_OBJC_ROOT_CLASS = YES_ERROR;
				CLANG_WARN_RANGE_LOOP_ANALYSIS = YES;
				CLANG_WARN_STRICT_PROTOTYPES = YES;
				CLANG_WARN_SUSPICIOUS_MOVE = YES;
				CLANG_WARN_UNGUARDED_AVAILABILITY = YES_AGGRESSIVE;
				CLANG_WARN_UNREACHABLE_CODE = YES;
				CLANG_WARN__DUPLICATE_METHOD_MATCH = YES;
				COPY_PHASE_STRIP = NO;
				DEBUG_INFORMATION_FORMAT = dwarf;
				ENABLE_STRICT_OBJC_MSGSEND = YES;
				ENABLE_TESTABILITY = YES;
				GCC_C_LANGUAGE_STANDARD = gnu11;
				GCC_DYNAMIC_NO_PIC = NO;
				GCC_NO_COMMON_BLOCKS = YES;
				GCC_OPTIMIZATION_LEVEL = 0;
				GCC_PREPROCESSOR_DEFINITIONS = (
					"DEBUG=1",
					"$(inherited)",
				);
				GCC_WARN_64_TO_32_BIT_CONVERSION = YES;
				GCC_WARN_ABOUT_RETURN_TYPE = YES_ERROR;
				GCC_WARN_UNDECLARED_SELECTOR = YES;
				GCC_WARN_UNINITIALIZED_AUTOS = YES_AGGRESSIVE;
				GCC_WARN_UNUSED_FUNCTION = YES;
				GCC_WARN_UNUSED_VARIABLE = YES;
				IPHONEOS_DEPLOYMENT_TARGET = 13.4;
				MTL_ENABLE_DEBUG_INFO = INCLUDE_SOURCE;
				MTL_FAST_MATH = YES;
				ONLY_ACTIVE_ARCH = YES;
				SDKROOT = iphoneos;
				SWIFT_ACTIVE_COMPILATION_CONDITIONS = DEBUG;
				SWIFT_OPTIMIZATION_LEVEL = "-Onone";
			};
			name = Debug;
		};
		89E4301624724357006CE21E /* Release */ = {
			isa = XCBuildConfiguration;
			buildSettings = {
				ALWAYS_SEARCH_USER_PATHS = NO;
				CLANG_ANALYZER_NONNULL = YES;
				CLANG_ANALYZER_NUMBER_OBJECT_CONVERSION = YES_AGGRESSIVE;
				CLANG_CXX_LANGUAGE_STANDARD = "gnu++14";
				CLANG_CXX_LIBRARY = "libc++";
				CLANG_ENABLE_MODULES = YES;
				CLANG_ENABLE_OBJC_ARC = YES;
				CLANG_ENABLE_OBJC_WEAK = YES;
				CLANG_WARN_BLOCK_CAPTURE_AUTORELEASING = YES;
				CLANG_WARN_BOOL_CONVERSION = YES;
				CLANG_WARN_COMMA = YES;
				CLANG_WARN_CONSTANT_CONVERSION = YES;
				CLANG_WARN_DEPRECATED_OBJC_IMPLEMENTATIONS = YES;
				CLANG_WARN_DIRECT_OBJC_ISA_USAGE = YES_ERROR;
				CLANG_WARN_DOCUMENTATION_COMMENTS = YES;
				CLANG_WARN_EMPTY_BODY = YES;
				CLANG_WARN_ENUM_CONVERSION = YES;
				CLANG_WARN_INFINITE_RECURSION = YES;
				CLANG_WARN_INT_CONVERSION = YES;
				CLANG_WARN_NON_LITERAL_NULL_CONVERSION = YES;
				CLANG_WARN_OBJC_IMPLICIT_RETAIN_SELF = YES;
				CLANG_WARN_OBJC_LITERAL_CONVERSION = YES;
				CLANG_WARN_OBJC_ROOT_CLASS = YES_ERROR;
				CLANG_WARN_RANGE_LOOP_ANALYSIS = YES;
				CLANG_WARN_STRICT_PROTOTYPES = YES;
				CLANG_WARN_SUSPICIOUS_MOVE = YES;
				CLANG_WARN_UNGUARDED_AVAILABILITY = YES_AGGRESSIVE;
				CLANG_WARN_UNREACHABLE_CODE = YES;
				CLANG_WARN__DUPLICATE_METHOD_MATCH = YES;
				COPY_PHASE_STRIP = NO;
				DEBUG_INFORMATION_FORMAT = "dwarf-with-dsym";
				ENABLE_NS_ASSERTIONS = NO;
				ENABLE_STRICT_OBJC_MSGSEND = YES;
				GCC_C_LANGUAGE_STANDARD = gnu11;
				GCC_NO_COMMON_BLOCKS = YES;
				GCC_WARN_64_TO_32_BIT_CONVERSION = YES;
				GCC_WARN_ABOUT_RETURN_TYPE = YES_ERROR;
				GCC_WARN_UNDECLARED_SELECTOR = YES;
				GCC_WARN_UNINITIALIZED_AUTOS = YES_AGGRESSIVE;
				GCC_WARN_UNUSED_FUNCTION = YES;
				GCC_WARN_UNUSED_VARIABLE = YES;
				IPHONEOS_DEPLOYMENT_TARGET = 13.4;
				MTL_ENABLE_DEBUG_INFO = NO;
				MTL_FAST_MATH = YES;
				SDKROOT = iphoneos;
				SWIFT_COMPILATION_MODE = wholemodule;
				SWIFT_OPTIMIZATION_LEVEL = "-O";
				VALIDATE_PRODUCT = YES;
			};
			name = Release;
		};
		89E4301824724357006CE21E /* Debug */ = {
			isa = XCBuildConfiguration;
			buildSettings = {
				ASSETCATALOG_COMPILER_APPICON_NAME = AppIcon;
				CODE_SIGN_STYLE = Automatic;
				DEVELOPMENT_TEAM = TAYLVU398Z;
				INFOPLIST_FILE = "project-letterboxes/Info.plist";
				LD_RUNPATH_SEARCH_PATHS = (
					"$(inherited)",
					"@executable_path/Frameworks",
				);
				PRODUCT_BUNDLE_IDENTIFIER = "com.andimasbagaswara.project-letterboxes";
				PRODUCT_NAME = Bingo;
				SWIFT_VERSION = 5.0;
				TARGETED_DEVICE_FAMILY = 1;
			};
			name = Debug;
		};
		89E4301924724357006CE21E /* Release */ = {
			isa = XCBuildConfiguration;
			buildSettings = {
				ASSETCATALOG_COMPILER_APPICON_NAME = AppIcon;
				CODE_SIGN_STYLE = Automatic;
				DEVELOPMENT_TEAM = TAYLVU398Z;
				INFOPLIST_FILE = "project-letterboxes/Info.plist";
				LD_RUNPATH_SEARCH_PATHS = (
					"$(inherited)",
					"@executable_path/Frameworks",
				);
				PRODUCT_BUNDLE_IDENTIFIER = "com.andimasbagaswara.project-letterboxes";
				PRODUCT_NAME = Bingo;
				SWIFT_VERSION = 5.0;
				TARGETED_DEVICE_FAMILY = 1;
			};
			name = Release;
		};
/* End XCBuildConfiguration section */

/* Begin XCConfigurationList section */
		89E42FFB24724356006CE21E /* Build configuration list for PBXProject "project-letterboxes" */ = {
			isa = XCConfigurationList;
			buildConfigurations = (
				89E4301524724357006CE21E /* Debug */,
				89E4301624724357006CE21E /* Release */,
			);
			defaultConfigurationIsVisible = 0;
			defaultConfigurationName = Release;
		};
		89E4301724724357006CE21E /* Build configuration list for PBXNativeTarget "project-letterboxes" */ = {
			isa = XCConfigurationList;
			buildConfigurations = (
				89E4301824724357006CE21E /* Debug */,
				89E4301924724357006CE21E /* Release */,
			);
			defaultConfigurationIsVisible = 0;
			defaultConfigurationName = Release;
		};
/* End XCConfigurationList section */

/* Begin XCVersionGroup section */
		89E4300C24724356006CE21E /* project_letterboxes.xcdatamodeld */ = {
			isa = XCVersionGroup;
			children = (
				89E4300D24724356006CE21E /* project_letterboxes.xcdatamodel */,
			);
			currentVersion = 89E4300D24724356006CE21E /* project_letterboxes.xcdatamodel */;
			path = project_letterboxes.xcdatamodeld;
			sourceTree = "<group>";
			versionGroupType = wrapper.xcdatamodel;
		};
/* End XCVersionGroup section */
	};
	rootObject = 89E42FF824724356006CE21E /* Project object */;
}
